// !$*UTF8*$!
{
	archiveVersion = 1;
	classes = {
	};
	objectVersion = 56;
	objects = {

/* Begin PBXBuildFile section */
		5F32D8BC2B4D8CF700017D91 /* bookclub_uiApp.swift in Sources */ = {isa = PBXBuildFile; fileRef = 5F32D8BB2B4D8CF700017D91 /* bookclub_uiApp.swift */; };
		5F32D8C02B4D8CF900017D91 /* Assets.xcassets in Resources */ = {isa = PBXBuildFile; fileRef = 5F32D8BF2B4D8CF900017D91 /* Assets.xcassets */; };
		5F32D8C32B4D8CF900017D91 /* Preview Assets.xcassets in Resources */ = {isa = PBXBuildFile; fileRef = 5F32D8C22B4D8CF900017D91 /* Preview Assets.xcassets */; };
		5F32D8CD2B4D8CF900017D91 /* bookclub_uiTests.swift in Sources */ = {isa = PBXBuildFile; fileRef = 5F32D8CC2B4D8CF900017D91 /* bookclub_uiTests.swift */; };
		5F32D8D72B4D8CFA00017D91 /* bookclub_uiUITests.swift in Sources */ = {isa = PBXBuildFile; fileRef = 5F32D8D62B4D8CFA00017D91 /* bookclub_uiUITests.swift */; };
		5F32D8D92B4D8CFA00017D91 /* bookclub_uiUITestsLaunchTests.swift in Sources */ = {isa = PBXBuildFile; fileRef = 5F32D8D82B4D8CFA00017D91 /* bookclub_uiUITestsLaunchTests.swift */; };
		5F32D8F52B4EF2D000017D91 /* LoginView.swift in Sources */ = {isa = PBXBuildFile; fileRef = 5F32D8F42B4EF2D000017D91 /* LoginView.swift */; };
		5F32D8FB2B4EF32300017D91 /* BookClubFeedView.swift in Sources */ = {isa = PBXBuildFile; fileRef = 5F32D8FA2B4EF32300017D91 /* BookClubFeedView.swift */; };
		5F32D8FD2B4EF34600017D91 /* SignUpView.swift in Sources */ = {isa = PBXBuildFile; fileRef = 5F32D8FC2B4EF34600017D91 /* SignUpView.swift */; };
		5F32D8FF2B4EF35E00017D91 /* BookClubDetailView.swift in Sources */ = {isa = PBXBuildFile; fileRef = 5F32D8FE2B4EF35E00017D91 /* BookClubDetailView.swift */; };
		5F32D9012B4EF37000017D91 /* MyBookClubsView.swift in Sources */ = {isa = PBXBuildFile; fileRef = 5F32D9002B4EF37000017D91 /* MyBookClubsView.swift */; };
		5F32D9072B4F24BA00017D91 /* User.swift in Sources */ = {isa = PBXBuildFile; fileRef = 5F32D9062B4F24BA00017D91 /* User.swift */; };
		5F32D9092B4F254500017D91 /* BookClubEvent.swift in Sources */ = {isa = PBXBuildFile; fileRef = 5F32D9082B4F254500017D91 /* BookClubEvent.swift */; };
		5F32D90B2B4F255B00017D91 /* BookClub.swift in Sources */ = {isa = PBXBuildFile; fileRef = 5F32D90A2B4F255B00017D91 /* BookClub.swift */; };
		5F32D90D2B4F261B00017D91 /* ColorExtensions.swift in Sources */ = {isa = PBXBuildFile; fileRef = 5F32D90C2B4F261B00017D91 /* ColorExtensions.swift */; };
		5F7747422B4F2BCB00391CC6 /* BookClubRowView.swift in Sources */ = {isa = PBXBuildFile; fileRef = 5F7747412B4F2BCB00391CC6 /* BookClubRowView.swift */; };
		5F7747462B4F6EAD00391CC6 /* MainView.swift in Sources */ = {isa = PBXBuildFile; fileRef = 5F7747452B4F6EAD00391CC6 /* MainView.swift */; };
		5F77474F2B505B2100391CC6 /* InputView.swift in Sources */ = {isa = PBXBuildFile; fileRef = 5F77474E2B505B2100391CC6 /* InputView.swift */; };
		5F7747512B5063B200391CC6 /* ProfileView.swift in Sources */ = {isa = PBXBuildFile; fileRef = 5F7747502B5063B200391CC6 /* ProfileView.swift */; };
		5F7747532B50660000391CC6 /* SettingRowView.swift in Sources */ = {isa = PBXBuildFile; fileRef = 5F7747522B50660000391CC6 /* SettingRowView.swift */; };
		5F7747552B506DCF00391CC6 /* GoogleService-Info.plist in Resources */ = {isa = PBXBuildFile; fileRef = 5F7747542B506DCF00391CC6 /* GoogleService-Info.plist */; };
		5F7747582B506E8900391CC6 /* FirebaseAuth in Frameworks */ = {isa = PBXBuildFile; productRef = 5F7747572B506E8900391CC6 /* FirebaseAuth */; };
		5F77475A2B506E8900391CC6 /* FirebaseFirestore in Frameworks */ = {isa = PBXBuildFile; productRef = 5F7747592B506E8900391CC6 /* FirebaseFirestore */; };
		5F77475C2B506E8900391CC6 /* FirebaseFirestoreSwift in Frameworks */ = {isa = PBXBuildFile; productRef = 5F77475B2B506E8900391CC6 /* FirebaseFirestoreSwift */; };
		5F77475E2B506E8900391CC6 /* FirebaseStorage in Frameworks */ = {isa = PBXBuildFile; productRef = 5F77475D2B506E8900391CC6 /* FirebaseStorage */; };
		5F7747622B506F1400391CC6 /* AuthViewModel.swift in Sources */ = {isa = PBXBuildFile; fileRef = 5F7747612B506F1400391CC6 /* AuthViewModel.swift */; };
		5F7747682B51E60C00391CC6 /* BookClubViewModel.swift in Sources */ = {isa = PBXBuildFile; fileRef = 5F7747672B51E60C00391CC6 /* BookClubViewModel.swift */; };
		5F77476C2B54554100391CC6 /* BookClubFormView.swift in Sources */ = {isa = PBXBuildFile; fileRef = 5F77476B2B54554100391CC6 /* BookClubFormView.swift */; };
/* End PBXBuildFile section */

/* Begin PBXContainerItemProxy section */
		5F32D8C92B4D8CF900017D91 /* PBXContainerItemProxy */ = {
			isa = PBXContainerItemProxy;
			containerPortal = 5F32D8B02B4D8CF700017D91 /* Project object */;
			proxyType = 1;
			remoteGlobalIDString = 5F32D8B72B4D8CF700017D91;
			remoteInfo = "bookclub-ui";
		};
		5F32D8D32B4D8CFA00017D91 /* PBXContainerItemProxy */ = {
			isa = PBXContainerItemProxy;
			containerPortal = 5F32D8B02B4D8CF700017D91 /* Project object */;
			proxyType = 1;
			remoteGlobalIDString = 5F32D8B72B4D8CF700017D91;
			remoteInfo = "bookclub-ui";
		};
/* End PBXContainerItemProxy section */

/* Begin PBXFileReference section */
		5F32D8B82B4D8CF700017D91 /* bookclub-ui.app */ = {isa = PBXFileReference; explicitFileType = wrapper.application; includeInIndex = 0; path = "bookclub-ui.app"; sourceTree = BUILT_PRODUCTS_DIR; };
		5F32D8BB2B4D8CF700017D91 /* bookclub_uiApp.swift */ = {isa = PBXFileReference; lastKnownFileType = sourcecode.swift; path = bookclub_uiApp.swift; sourceTree = "<group>"; };
		5F32D8BF2B4D8CF900017D91 /* Assets.xcassets */ = {isa = PBXFileReference; lastKnownFileType = folder.assetcatalog; path = Assets.xcassets; sourceTree = "<group>"; };
		5F32D8C22B4D8CF900017D91 /* Preview Assets.xcassets */ = {isa = PBXFileReference; lastKnownFileType = folder.assetcatalog; path = "Preview Assets.xcassets"; sourceTree = "<group>"; };
		5F32D8C82B4D8CF900017D91 /* bookclub-uiTests.xctest */ = {isa = PBXFileReference; explicitFileType = wrapper.cfbundle; includeInIndex = 0; path = "bookclub-uiTests.xctest"; sourceTree = BUILT_PRODUCTS_DIR; };
		5F32D8CC2B4D8CF900017D91 /* bookclub_uiTests.swift */ = {isa = PBXFileReference; lastKnownFileType = sourcecode.swift; path = bookclub_uiTests.swift; sourceTree = "<group>"; };
		5F32D8D22B4D8CFA00017D91 /* bookclub-uiUITests.xctest */ = {isa = PBXFileReference; explicitFileType = wrapper.cfbundle; includeInIndex = 0; path = "bookclub-uiUITests.xctest"; sourceTree = BUILT_PRODUCTS_DIR; };
		5F32D8D62B4D8CFA00017D91 /* bookclub_uiUITests.swift */ = {isa = PBXFileReference; lastKnownFileType = sourcecode.swift; path = bookclub_uiUITests.swift; sourceTree = "<group>"; };
		5F32D8D82B4D8CFA00017D91 /* bookclub_uiUITestsLaunchTests.swift */ = {isa = PBXFileReference; lastKnownFileType = sourcecode.swift; path = bookclub_uiUITestsLaunchTests.swift; sourceTree = "<group>"; };
		5F32D8F42B4EF2D000017D91 /* LoginView.swift */ = {isa = PBXFileReference; lastKnownFileType = sourcecode.swift; path = LoginView.swift; sourceTree = "<group>"; };
		5F32D8FA2B4EF32300017D91 /* BookClubFeedView.swift */ = {isa = PBXFileReference; lastKnownFileType = sourcecode.swift; path = BookClubFeedView.swift; sourceTree = "<group>"; };
		5F32D8FC2B4EF34600017D91 /* SignUpView.swift */ = {isa = PBXFileReference; lastKnownFileType = sourcecode.swift; path = SignUpView.swift; sourceTree = "<group>"; };
		5F32D8FE2B4EF35E00017D91 /* BookClubDetailView.swift */ = {isa = PBXFileReference; lastKnownFileType = sourcecode.swift; path = BookClubDetailView.swift; sourceTree = "<group>"; };
		5F32D9002B4EF37000017D91 /* MyBookClubsView.swift */ = {isa = PBXFileReference; lastKnownFileType = sourcecode.swift; path = MyBookClubsView.swift; sourceTree = "<group>"; };
		5F32D9062B4F24BA00017D91 /* User.swift */ = {isa = PBXFileReference; lastKnownFileType = sourcecode.swift; path = User.swift; sourceTree = "<group>"; };
		5F32D9082B4F254500017D91 /* BookClubEvent.swift */ = {isa = PBXFileReference; lastKnownFileType = sourcecode.swift; path = BookClubEvent.swift; sourceTree = "<group>"; };
		5F32D90A2B4F255B00017D91 /* BookClub.swift */ = {isa = PBXFileReference; lastKnownFileType = sourcecode.swift; path = BookClub.swift; sourceTree = "<group>"; };
		5F32D90C2B4F261B00017D91 /* ColorExtensions.swift */ = {isa = PBXFileReference; lastKnownFileType = sourcecode.swift; path = ColorExtensions.swift; sourceTree = "<group>"; };
		5F7747412B4F2BCB00391CC6 /* BookClubRowView.swift */ = {isa = PBXFileReference; lastKnownFileType = sourcecode.swift; path = BookClubRowView.swift; sourceTree = "<group>"; };
		5F7747452B4F6EAD00391CC6 /* MainView.swift */ = {isa = PBXFileReference; lastKnownFileType = sourcecode.swift; path = MainView.swift; sourceTree = "<group>"; };
		5F77474E2B505B2100391CC6 /* InputView.swift */ = {isa = PBXFileReference; lastKnownFileType = sourcecode.swift; path = InputView.swift; sourceTree = "<group>"; };
		5F7747502B5063B200391CC6 /* ProfileView.swift */ = {isa = PBXFileReference; lastKnownFileType = sourcecode.swift; path = ProfileView.swift; sourceTree = "<group>"; };
		5F7747522B50660000391CC6 /* SettingRowView.swift */ = {isa = PBXFileReference; lastKnownFileType = sourcecode.swift; path = SettingRowView.swift; sourceTree = "<group>"; };
		5F7747542B506DCF00391CC6 /* GoogleService-Info.plist */ = {isa = PBXFileReference; fileEncoding = 4; lastKnownFileType = text.plist.xml; path = "GoogleService-Info.plist"; sourceTree = "<group>"; };
		5F7747612B506F1400391CC6 /* AuthViewModel.swift */ = {isa = PBXFileReference; lastKnownFileType = sourcecode.swift; path = AuthViewModel.swift; sourceTree = "<group>"; };
		5F7747672B51E60C00391CC6 /* BookClubViewModel.swift */ = {isa = PBXFileReference; lastKnownFileType = sourcecode.swift; path = BookClubViewModel.swift; sourceTree = "<group>"; };
		5F77476B2B54554100391CC6 /* BookClubFormView.swift */ = {isa = PBXFileReference; lastKnownFileType = sourcecode.swift; path = BookClubFormView.swift; sourceTree = "<group>"; };
/* End PBXFileReference section */

/* Begin PBXFrameworksBuildPhase section */
		5F32D8B52B4D8CF700017D91 /* Frameworks */ = {
			isa = PBXFrameworksBuildPhase;
			buildActionMask = 2147483647;
			files = (
				5F7747582B506E8900391CC6 /* FirebaseAuth in Frameworks */,
				5F77475E2B506E8900391CC6 /* FirebaseStorage in Frameworks */,
				5F77475A2B506E8900391CC6 /* FirebaseFirestore in Frameworks */,
				5F77475C2B506E8900391CC6 /* FirebaseFirestoreSwift in Frameworks */,
			);
			runOnlyForDeploymentPostprocessing = 0;
		};
		5F32D8C52B4D8CF900017D91 /* Frameworks */ = {
			isa = PBXFrameworksBuildPhase;
			buildActionMask = 2147483647;
			files = (
			);
			runOnlyForDeploymentPostprocessing = 0;
		};
		5F32D8CF2B4D8CFA00017D91 /* Frameworks */ = {
			isa = PBXFrameworksBuildPhase;
			buildActionMask = 2147483647;
			files = (
			);
			runOnlyForDeploymentPostprocessing = 0;
		};
/* End PBXFrameworksBuildPhase section */

/* Begin PBXGroup section */
		5F32D8AF2B4D8CF700017D91 = {
			isa = PBXGroup;
			children = (
				5F32D8BA2B4D8CF700017D91 /* bookclub-ui */,
				5F32D8CB2B4D8CF900017D91 /* bookclub-uiTests */,
				5F32D8D52B4D8CFA00017D91 /* bookclub-uiUITests */,
				5F32D8B92B4D8CF700017D91 /* Products */,
			);
			sourceTree = "<group>";
		};
		5F32D8B92B4D8CF700017D91 /* Products */ = {
			isa = PBXGroup;
			children = (
				5F32D8B82B4D8CF700017D91 /* bookclub-ui.app */,
				5F32D8C82B4D8CF900017D91 /* bookclub-uiTests.xctest */,
				5F32D8D22B4D8CFA00017D91 /* bookclub-uiUITests.xctest */,
			);
			name = Products;
			sourceTree = "<group>";
		};
		5F32D8BA2B4D8CF700017D91 /* bookclub-ui */ = {
			isa = PBXGroup;
			children = (
				5F7747642B51E4A200391CC6 /* ViewModels */,
				5F7747492B5057CE00391CC6 /* Core */,
				5F7747482B5057C800391CC6 /* Components */,
				5F7747472B5057C100391CC6 /* App */,
				5F32D8F02B4EF28600017D91 /* Models */,
				5F32D8BF2B4D8CF900017D91 /* Assets.xcassets */,
				5F7747542B506DCF00391CC6 /* GoogleService-Info.plist */,
				5F32D8C12B4D8CF900017D91 /* Preview Content */,
				5F32D90C2B4F261B00017D91 /* ColorExtensions.swift */,
			);
			path = "bookclub-ui";
			sourceTree = "<group>";
		};
		5F32D8C12B4D8CF900017D91 /* Preview Content */ = {
			isa = PBXGroup;
			children = (
				5F32D8C22B4D8CF900017D91 /* Preview Assets.xcassets */,
			);
			path = "Preview Content";
			sourceTree = "<group>";
		};
		5F32D8CB2B4D8CF900017D91 /* bookclub-uiTests */ = {
			isa = PBXGroup;
			children = (
				5F32D8CC2B4D8CF900017D91 /* bookclub_uiTests.swift */,
			);
			path = "bookclub-uiTests";
			sourceTree = "<group>";
		};
		5F32D8D52B4D8CFA00017D91 /* bookclub-uiUITests */ = {
			isa = PBXGroup;
			children = (
				5F32D8D62B4D8CFA00017D91 /* bookclub_uiUITests.swift */,
				5F32D8D82B4D8CFA00017D91 /* bookclub_uiUITestsLaunchTests.swift */,
			);
			path = "bookclub-uiUITests";
			sourceTree = "<group>";
		};
		5F32D8F02B4EF28600017D91 /* Models */ = {
			isa = PBXGroup;
			children = (
				5F32D9062B4F24BA00017D91 /* User.swift */,
				5F32D9082B4F254500017D91 /* BookClubEvent.swift */,
				5F32D90A2B4F255B00017D91 /* BookClub.swift */,
			);
			path = Models;
			sourceTree = "<group>";
		};
		5F7747472B5057C100391CC6 /* App */ = {
			isa = PBXGroup;
			children = (
				5F32D8BB2B4D8CF700017D91 /* bookclub_uiApp.swift */,
			);
			path = App;
			sourceTree = "<group>";
		};
		5F7747482B5057C800391CC6 /* Components */ = {
			isa = PBXGroup;
			children = (
				5F77474E2B505B2100391CC6 /* InputView.swift */,
				5F7747522B50660000391CC6 /* SettingRowView.swift */,
				5F77476B2B54554100391CC6 /* BookClubFormView.swift */,
			);
			path = Components;
			sourceTree = "<group>";
		};
		5F7747492B5057CE00391CC6 /* Core */ = {
			isa = PBXGroup;
			children = (
				5F77474D2B50584300391CC6 /* Profile */,
				5F77474C2B50583D00391CC6 /* Authentication */,
				5F77474A2B50580000391CC6 /* Root */,
				5F32D8FA2B4EF32300017D91 /* BookClubFeedView.swift */,
				5F32D8FE2B4EF35E00017D91 /* BookClubDetailView.swift */,
				5F32D9002B4EF37000017D91 /* MyBookClubsView.swift */,
				5F7747412B4F2BCB00391CC6 /* BookClubRowView.swift */,
			);
			path = Core;
			sourceTree = "<group>";
		};
		5F77474A2B50580000391CC6 /* Root */ = {
			isa = PBXGroup;
			children = (
				5F7747452B4F6EAD00391CC6 /* MainView.swift */,
			);
			path = Root;
			sourceTree = "<group>";
		};
		5F77474C2B50583D00391CC6 /* Authentication */ = {
			isa = PBXGroup;
			children = (
				5F7747602B506EEA00391CC6 /* ViewModel */,
				5F77475F2B506EE400391CC6 /* View */,
			);
			path = Authentication;
			sourceTree = "<group>";
		};
		5F77474D2B50584300391CC6 /* Profile */ = {
			isa = PBXGroup;
			children = (
				5F7747502B5063B200391CC6 /* ProfileView.swift */,
			);
			path = Profile;
			sourceTree = "<group>";
		};
		5F77475F2B506EE400391CC6 /* View */ = {
			isa = PBXGroup;
			children = (
				5F32D8FC2B4EF34600017D91 /* SignUpView.swift */,
				5F32D8F42B4EF2D000017D91 /* LoginView.swift */,
			);
			path = View;
			sourceTree = "<group>";
		};
		5F7747602B506EEA00391CC6 /* ViewModel */ = {
			isa = PBXGroup;
			children = (
				5F7747612B506F1400391CC6 /* AuthViewModel.swift */,
			);
			path = ViewModel;
			sourceTree = "<group>";
		};
		5F7747642B51E4A200391CC6 /* ViewModels */ = {
			isa = PBXGroup;
			children = (
				5F7747672B51E60C00391CC6 /* BookClubViewModel.swift */,
			);
			path = ViewModels;
			sourceTree = "<group>";
		};
/* End PBXGroup section */

/* Begin PBXNativeTarget section */
		5F32D8B72B4D8CF700017D91 /* bookclub-ui */ = {
			isa = PBXNativeTarget;
			buildConfigurationList = 5F32D8DC2B4D8CFA00017D91 /* Build configuration list for PBXNativeTarget "bookclub-ui" */;
			buildPhases = (
				5F32D8B42B4D8CF700017D91 /* Sources */,
				5F32D8B52B4D8CF700017D91 /* Frameworks */,
				5F32D8B62B4D8CF700017D91 /* Resources */,
			);
			buildRules = (
			);
			dependencies = (
			);
			name = "bookclub-ui";
			packageProductDependencies = (
				5F7747572B506E8900391CC6 /* FirebaseAuth */,
				5F7747592B506E8900391CC6 /* FirebaseFirestore */,
				5F77475B2B506E8900391CC6 /* FirebaseFirestoreSwift */,
				5F77475D2B506E8900391CC6 /* FirebaseStorage */,
			);
			productName = "bookclub-ui";
			productReference = 5F32D8B82B4D8CF700017D91 /* bookclub-ui.app */;
			productType = "com.apple.product-type.application";
		};
		5F32D8C72B4D8CF900017D91 /* bookclub-uiTests */ = {
			isa = PBXNativeTarget;
			buildConfigurationList = 5F32D8DF2B4D8CFA00017D91 /* Build configuration list for PBXNativeTarget "bookclub-uiTests" */;
			buildPhases = (
				5F32D8C42B4D8CF900017D91 /* Sources */,
				5F32D8C52B4D8CF900017D91 /* Frameworks */,
				5F32D8C62B4D8CF900017D91 /* Resources */,
			);
			buildRules = (
			);
			dependencies = (
				5F32D8CA2B4D8CF900017D91 /* PBXTargetDependency */,
			);
			name = "bookclub-uiTests";
			productName = "bookclub-uiTests";
			productReference = 5F32D8C82B4D8CF900017D91 /* bookclub-uiTests.xctest */;
			productType = "com.apple.product-type.bundle.unit-test";
		};
		5F32D8D12B4D8CFA00017D91 /* bookclub-uiUITests */ = {
			isa = PBXNativeTarget;
			buildConfigurationList = 5F32D8E22B4D8CFA00017D91 /* Build configuration list for PBXNativeTarget "bookclub-uiUITests" */;
			buildPhases = (
				5F32D8CE2B4D8CFA00017D91 /* Sources */,
				5F32D8CF2B4D8CFA00017D91 /* Frameworks */,
				5F32D8D02B4D8CFA00017D91 /* Resources */,
			);
			buildRules = (
			);
			dependencies = (
				5F32D8D42B4D8CFA00017D91 /* PBXTargetDependency */,
			);
			name = "bookclub-uiUITests";
			productName = "bookclub-uiUITests";
			productReference = 5F32D8D22B4D8CFA00017D91 /* bookclub-uiUITests.xctest */;
			productType = "com.apple.product-type.bundle.ui-testing";
		};
/* End PBXNativeTarget section */

/* Begin PBXProject section */
		5F32D8B02B4D8CF700017D91 /* Project object */ = {
			isa = PBXProject;
			attributes = {
				BuildIndependentTargetsInParallel = 1;
				LastSwiftUpdateCheck = 1430;
				LastUpgradeCheck = 1430;
				TargetAttributes = {
					5F32D8B72B4D8CF700017D91 = {
						CreatedOnToolsVersion = 14.3.1;
					};
					5F32D8C72B4D8CF900017D91 = {
						CreatedOnToolsVersion = 14.3.1;
						TestTargetID = 5F32D8B72B4D8CF700017D91;
					};
					5F32D8D12B4D8CFA00017D91 = {
						CreatedOnToolsVersion = 14.3.1;
						TestTargetID = 5F32D8B72B4D8CF700017D91;
					};
				};
			};
			buildConfigurationList = 5F32D8B32B4D8CF700017D91 /* Build configuration list for PBXProject "bookclub-ui" */;
			compatibilityVersion = "Xcode 14.0";
			developmentRegion = en;
			hasScannedForEncodings = 0;
			knownRegions = (
				en,
				Base,
			);
			mainGroup = 5F32D8AF2B4D8CF700017D91;
			packageReferences = (
				5F7747562B506E8800391CC6 /* XCRemoteSwiftPackageReference "firebase-ios-sdk" */,
			);
			productRefGroup = 5F32D8B92B4D8CF700017D91 /* Products */;
			projectDirPath = "";
			projectRoot = "";
			targets = (
				5F32D8B72B4D8CF700017D91 /* bookclub-ui */,
				5F32D8C72B4D8CF900017D91 /* bookclub-uiTests */,
				5F32D8D12B4D8CFA00017D91 /* bookclub-uiUITests */,
			);
		};
/* End PBXProject section */

/* Begin PBXResourcesBuildPhase section */
		5F32D8B62B4D8CF700017D91 /* Resources */ = {
			isa = PBXResourcesBuildPhase;
			buildActionMask = 2147483647;
			files = (
				5F32D8C32B4D8CF900017D91 /* Preview Assets.xcassets in Resources */,
				5F32D8C02B4D8CF900017D91 /* Assets.xcassets in Resources */,
				5F7747552B506DCF00391CC6 /* GoogleService-Info.plist in Resources */,
			);
			runOnlyForDeploymentPostprocessing = 0;
		};
		5F32D8C62B4D8CF900017D91 /* Resources */ = {
			isa = PBXResourcesBuildPhase;
			buildActionMask = 2147483647;
			files = (
			);
			runOnlyForDeploymentPostprocessing = 0;
		};
		5F32D8D02B4D8CFA00017D91 /* Resources */ = {
			isa = PBXResourcesBuildPhase;
			buildActionMask = 2147483647;
			files = (
			);
			runOnlyForDeploymentPostprocessing = 0;
		};
/* End PBXResourcesBuildPhase section */

/* Begin PBXSourcesBuildPhase section */
		5F32D8B42B4D8CF700017D91 /* Sources */ = {
			isa = PBXSourcesBuildPhase;
			buildActionMask = 2147483647;
			files = (
				5F77476C2B54554100391CC6 /* BookClubFormView.swift in Sources */,
				5F7747422B4F2BCB00391CC6 /* BookClubRowView.swift in Sources */,
				5F77474F2B505B2100391CC6 /* InputView.swift in Sources */,
				5F7747462B4F6EAD00391CC6 /* MainView.swift in Sources */,
				5F7747682B51E60C00391CC6 /* BookClubViewModel.swift in Sources */,
				5F32D90D2B4F261B00017D91 /* ColorExtensions.swift in Sources */,
				5F32D8FD2B4EF34600017D91 /* SignUpView.swift in Sources */,
				5F32D8FF2B4EF35E00017D91 /* BookClubDetailView.swift in Sources */,
				5F32D8F52B4EF2D000017D91 /* LoginView.swift in Sources */,
				5F7747512B5063B200391CC6 /* ProfileView.swift in Sources */,
				5F32D90B2B4F255B00017D91 /* BookClub.swift in Sources */,
				5F32D9072B4F24BA00017D91 /* User.swift in Sources */,
				5F32D8BC2B4D8CF700017D91 /* bookclub_uiApp.swift in Sources */,
				5F32D9012B4EF37000017D91 /* MyBookClubsView.swift in Sources */,
				5F7747622B506F1400391CC6 /* AuthViewModel.swift in Sources */,
				5F32D8FB2B4EF32300017D91 /* BookClubFeedView.swift in Sources */,
				5F32D9092B4F254500017D91 /* BookClubEvent.swift in Sources */,
				5F7747532B50660000391CC6 /* SettingRowView.swift in Sources */,
			);
			runOnlyForDeploymentPostprocessing = 0;
		};
		5F32D8C42B4D8CF900017D91 /* Sources */ = {
			isa = PBXSourcesBuildPhase;
			buildActionMask = 2147483647;
			files = (
				5F32D8CD2B4D8CF900017D91 /* bookclub_uiTests.swift in Sources */,
			);
			runOnlyForDeploymentPostprocessing = 0;
		};
		5F32D8CE2B4D8CFA00017D91 /* Sources */ = {
			isa = PBXSourcesBuildPhase;
			buildActionMask = 2147483647;
			files = (
				5F32D8D72B4D8CFA00017D91 /* bookclub_uiUITests.swift in Sources */,
				5F32D8D92B4D8CFA00017D91 /* bookclub_uiUITestsLaunchTests.swift in Sources */,
			);
			runOnlyForDeploymentPostprocessing = 0;
		};
/* End PBXSourcesBuildPhase section */

/* Begin PBXTargetDependency section */
		5F32D8CA2B4D8CF900017D91 /* PBXTargetDependency */ = {
			isa = PBXTargetDependency;
			target = 5F32D8B72B4D8CF700017D91 /* bookclub-ui */;
			targetProxy = 5F32D8C92B4D8CF900017D91 /* PBXContainerItemProxy */;
		};
		5F32D8D42B4D8CFA00017D91 /* PBXTargetDependency */ = {
			isa = PBXTargetDependency;
			target = 5F32D8B72B4D8CF700017D91 /* bookclub-ui */;
			targetProxy = 5F32D8D32B4D8CFA00017D91 /* PBXContainerItemProxy */;
		};
/* End PBXTargetDependency section */

/* Begin XCBuildConfiguration section */
		5F32D8DA2B4D8CFA00017D91 /* Debug */ = {
			isa = XCBuildConfiguration;
			buildSettings = {
				ALWAYS_SEARCH_USER_PATHS = NO;
				CLANG_ANALYZER_NONNULL = YES;
				CLANG_ANALYZER_NUMBER_OBJECT_CONVERSION = YES_AGGRESSIVE;
				CLANG_CXX_LANGUAGE_STANDARD = "gnu++20";
				CLANG_ENABLE_MODULES = YES;
				CLANG_ENABLE_OBJC_ARC = YES;
				CLANG_ENABLE_OBJC_WEAK = YES;
				CLANG_WARN_BLOCK_CAPTURE_AUTORELEASING = YES;
				CLANG_WARN_BOOL_CONVERSION = YES;
				CLANG_WARN_COMMA = YES;
				CLANG_WARN_CONSTANT_CONVERSION = YES;
				CLANG_WARN_DEPRECATED_OBJC_IMPLEMENTATIONS = YES;
				CLANG_WARN_DIRECT_OBJC_ISA_USAGE = YES_ERROR;
				CLANG_WARN_DOCUMENTATION_COMMENTS = YES;
				CLANG_WARN_EMPTY_BODY = YES;
				CLANG_WARN_ENUM_CONVERSION = YES;
				CLANG_WARN_INFINITE_RECURSION = YES;
				CLANG_WARN_INT_CONVERSION = YES;
				CLANG_WARN_NON_LITERAL_NULL_CONVERSION = YES;
				CLANG_WARN_OBJC_IMPLICIT_RETAIN_SELF = YES;
				CLANG_WARN_OBJC_LITERAL_CONVERSION = YES;
				CLANG_WARN_OBJC_ROOT_CLASS = YES_ERROR;
				CLANG_WARN_QUOTED_INCLUDE_IN_FRAMEWORK_HEADER = YES;
				CLANG_WARN_RANGE_LOOP_ANALYSIS = YES;
				CLANG_WARN_STRICT_PROTOTYPES = YES;
				CLANG_WARN_SUSPICIOUS_MOVE = YES;
				CLANG_WARN_UNGUARDED_AVAILABILITY = YES_AGGRESSIVE;
				CLANG_WARN_UNREACHABLE_CODE = YES;
				CLANG_WARN__DUPLICATE_METHOD_MATCH = YES;
				COPY_PHASE_STRIP = NO;
				DEBUG_INFORMATION_FORMAT = dwarf;
				ENABLE_STRICT_OBJC_MSGSEND = YES;
				ENABLE_TESTABILITY = YES;
				GCC_C_LANGUAGE_STANDARD = gnu11;
				GCC_DYNAMIC_NO_PIC = NO;
				GCC_NO_COMMON_BLOCKS = YES;
				GCC_OPTIMIZATION_LEVEL = 0;
				GCC_PREPROCESSOR_DEFINITIONS = (
					"DEBUG=1",
					"$(inherited)",
				);
				GCC_WARN_64_TO_32_BIT_CONVERSION = YES;
				GCC_WARN_ABOUT_RETURN_TYPE = YES_ERROR;
				GCC_WARN_UNDECLARED_SELECTOR = YES;
				GCC_WARN_UNINITIALIZED_AUTOS = YES_AGGRESSIVE;
				GCC_WARN_UNUSED_FUNCTION = YES;
				GCC_WARN_UNUSED_VARIABLE = YES;
				IPHONEOS_DEPLOYMENT_TARGET = 16.4;
				MTL_ENABLE_DEBUG_INFO = INCLUDE_SOURCE;
				MTL_FAST_MATH = YES;
				ONLY_ACTIVE_ARCH = YES;
				SDKROOT = iphoneos;
				SWIFT_ACTIVE_COMPILATION_CONDITIONS = DEBUG;
				SWIFT_OPTIMIZATION_LEVEL = "-Onone";
			};
			name = Debug;
		};
		5F32D8DB2B4D8CFA00017D91 /* Release */ = {
			isa = XCBuildConfiguration;
			buildSettings = {
				ALWAYS_SEARCH_USER_PATHS = NO;
				CLANG_ANALYZER_NONNULL = YES;
				CLANG_ANALYZER_NUMBER_OBJECT_CONVERSION = YES_AGGRESSIVE;
				CLANG_CXX_LANGUAGE_STANDARD = "gnu++20";
				CLANG_ENABLE_MODULES = YES;
				CLANG_ENABLE_OBJC_ARC = YES;
				CLANG_ENABLE_OBJC_WEAK = YES;
				CLANG_WARN_BLOCK_CAPTURE_AUTORELEASING = YES;
				CLANG_WARN_BOOL_CONVERSION = YES;
				CLANG_WARN_COMMA = YES;
				CLANG_WARN_CONSTANT_CONVERSION = YES;
				CLANG_WARN_DEPRECATED_OBJC_IMPLEMENTATIONS = YES;
				CLANG_WARN_DIRECT_OBJC_ISA_USAGE = YES_ERROR;
				CLANG_WARN_DOCUMENTATION_COMMENTS = YES;
				CLANG_WARN_EMPTY_BODY = YES;
				CLANG_WARN_ENUM_CONVERSION = YES;
				CLANG_WARN_INFINITE_RECURSION = YES;
				CLANG_WARN_INT_CONVERSION = YES;
				CLANG_WARN_NON_LITERAL_NULL_CONVERSION = YES;
				CLANG_WARN_OBJC_IMPLICIT_RETAIN_SELF = YES;
				CLANG_WARN_OBJC_LITERAL_CONVERSION = YES;
				CLANG_WARN_OBJC_ROOT_CLASS = YES_ERROR;
				CLANG_WARN_QUOTED_INCLUDE_IN_FRAMEWORK_HEADER = YES;
				CLANG_WARN_RANGE_LOOP_ANALYSIS = YES;
				CLANG_WARN_STRICT_PROTOTYPES = YES;
				CLANG_WARN_SUSPICIOUS_MOVE = YES;
				CLANG_WARN_UNGUARDED_AVAILABILITY = YES_AGGRESSIVE;
				CLANG_WARN_UNREACHABLE_CODE = YES;
				CLANG_WARN__DUPLICATE_METHOD_MATCH = YES;
				COPY_PHASE_STRIP = NO;
				DEBUG_INFORMATION_FORMAT = "dwarf-with-dsym";
				ENABLE_NS_ASSERTIONS = NO;
				ENABLE_STRICT_OBJC_MSGSEND = YES;
				GCC_C_LANGUAGE_STANDARD = gnu11;
				GCC_NO_COMMON_BLOCKS = YES;
				GCC_WARN_64_TO_32_BIT_CONVERSION = YES;
				GCC_WARN_ABOUT_RETURN_TYPE = YES_ERROR;
				GCC_WARN_UNDECLARED_SELECTOR = YES;
				GCC_WARN_UNINITIALIZED_AUTOS = YES_AGGRESSIVE;
				GCC_WARN_UNUSED_FUNCTION = YES;
				GCC_WARN_UNUSED_VARIABLE = YES;
				IPHONEOS_DEPLOYMENT_TARGET = 16.4;
				MTL_ENABLE_DEBUG_INFO = NO;
				MTL_FAST_MATH = YES;
				SDKROOT = iphoneos;
				SWIFT_COMPILATION_MODE = wholemodule;
				SWIFT_OPTIMIZATION_LEVEL = "-O";
				VALIDATE_PRODUCT = YES;
			};
			name = Release;
		};
		5F32D8DD2B4D8CFA00017D91 /* Debug */ = {
			isa = XCBuildConfiguration;
			buildSettings = {
				ASSETCATALOG_COMPILER_APPICON_NAME = AppIcon;
				ASSETCATALOG_COMPILER_GLOBAL_ACCENT_COLOR_NAME = AccentColor;
				CODE_SIGN_STYLE = Automatic;
				CURRENT_PROJECT_VERSION = 1;
				DEVELOPMENT_ASSET_PATHS = "\"bookclub-ui/Preview Content\"";
				DEVELOPMENT_TEAM = 2PH8ZSJ4V2;
				ENABLE_PREVIEWS = YES;
				GENERATE_INFOPLIST_FILE = YES;
				INFOPLIST_KEY_UIApplicationSceneManifest_Generation = YES;
				INFOPLIST_KEY_UIApplicationSupportsIndirectInputEvents = YES;
				INFOPLIST_KEY_UILaunchScreen_Generation = YES;
				INFOPLIST_KEY_UISupportedInterfaceOrientations_iPad = "UIInterfaceOrientationPortrait UIInterfaceOrientationPortraitUpsideDown UIInterfaceOrientationLandscapeLeft UIInterfaceOrientationLandscapeRight";
				INFOPLIST_KEY_UISupportedInterfaceOrientations_iPhone = "UIInterfaceOrientationPortrait UIInterfaceOrientationLandscapeLeft UIInterfaceOrientationLandscapeRight";
				LD_RUNPATH_SEARCH_PATHS = (
					"$(inherited)",
					"@executable_path/Frameworks",
				);
				MARKETING_VERSION = 1.0;
				PRODUCT_BUNDLE_IDENTIFIER = "TL.bookclub-ui";
				PRODUCT_NAME = "$(TARGET_NAME)";
				SWIFT_EMIT_LOC_STRINGS = YES;
				SWIFT_VERSION = 5.0;
				TARGETED_DEVICE_FAMILY = "1,2";
			};
			name = Debug;
		};
		5F32D8DE2B4D8CFA00017D91 /* Release */ = {
			isa = XCBuildConfiguration;
			buildSettings = {
				ASSETCATALOG_COMPILER_APPICON_NAME = AppIcon;
				ASSETCATALOG_COMPILER_GLOBAL_ACCENT_COLOR_NAME = AccentColor;
				CODE_SIGN_STYLE = Automatic;
				CURRENT_PROJECT_VERSION = 1;
				DEVELOPMENT_ASSET_PATHS = "\"bookclub-ui/Preview Content\"";
				DEVELOPMENT_TEAM = 2PH8ZSJ4V2;
				ENABLE_PREVIEWS = YES;
				GENERATE_INFOPLIST_FILE = YES;
				INFOPLIST_KEY_UIApplicationSceneManifest_Generation = YES;
				INFOPLIST_KEY_UIApplicationSupportsIndirectInputEvents = YES;
				INFOPLIST_KEY_UILaunchScreen_Generation = YES;
				INFOPLIST_KEY_UISupportedInterfaceOrientations_iPad = "UIInterfaceOrientationPortrait UIInterfaceOrientationPortraitUpsideDown UIInterfaceOrientationLandscapeLeft UIInterfaceOrientationLandscapeRight";
				INFOPLIST_KEY_UISupportedInterfaceOrientations_iPhone = "UIInterfaceOrientationPortrait UIInterfaceOrientationLandscapeLeft UIInterfaceOrientationLandscapeRight";
				LD_RUNPATH_SEARCH_PATHS = (
					"$(inherited)",
					"@executable_path/Frameworks",
				);
				MARKETING_VERSION = 1.0;
				PRODUCT_BUNDLE_IDENTIFIER = "TL.bookclub-ui";
				PRODUCT_NAME = "$(TARGET_NAME)";
				SWIFT_EMIT_LOC_STRINGS = YES;
				SWIFT_VERSION = 5.0;
				TARGETED_DEVICE_FAMILY = "1,2";
			};
			name = Release;
		};
		5F32D8E02B4D8CFA00017D91 /* Debug */ = {
			isa = XCBuildConfiguration;
			buildSettings = {
				ALWAYS_EMBED_SWIFT_STANDARD_LIBRARIES = YES;
				BUNDLE_LOADER = "$(TEST_HOST)";
				CODE_SIGN_STYLE = Automatic;
				CURRENT_PROJECT_VERSION = 1;
				DEVELOPMENT_TEAM = 2PH8ZSJ4V2;
				GENERATE_INFOPLIST_FILE = YES;
				IPHONEOS_DEPLOYMENT_TARGET = 16.4;
				MARKETING_VERSION = 1.0;
				PRODUCT_BUNDLE_IDENTIFIER = "TL.bookclub-uiTests";
				PRODUCT_NAME = "$(TARGET_NAME)";
				SWIFT_EMIT_LOC_STRINGS = NO;
				SWIFT_VERSION = 5.0;
				TARGETED_DEVICE_FAMILY = "1,2";
				TEST_HOST = "$(BUILT_PRODUCTS_DIR)/bookclub-ui.app/$(BUNDLE_EXECUTABLE_FOLDER_PATH)/bookclub-ui";
			};
			name = Debug;
		};
		5F32D8E12B4D8CFA00017D91 /* Release */ = {
			isa = XCBuildConfiguration;
			buildSettings = {
				ALWAYS_EMBED_SWIFT_STANDARD_LIBRARIES = YES;
				BUNDLE_LOADER = "$(TEST_HOST)";
				CODE_SIGN_STYLE = Automatic;
				CURRENT_PROJECT_VERSION = 1;
				DEVELOPMENT_TEAM = 2PH8ZSJ4V2;
				GENERATE_INFOPLIST_FILE = YES;
				IPHONEOS_DEPLOYMENT_TARGET = 16.4;
				MARKETING_VERSION = 1.0;
				PRODUCT_BUNDLE_IDENTIFIER = "TL.bookclub-uiTests";
				PRODUCT_NAME = "$(TARGET_NAME)";
				SWIFT_EMIT_LOC_STRINGS = NO;
				SWIFT_VERSION = 5.0;
				TARGETED_DEVICE_FAMILY = "1,2";
				TEST_HOST = "$(BUILT_PRODUCTS_DIR)/bookclub-ui.app/$(BUNDLE_EXECUTABLE_FOLDER_PATH)/bookclub-ui";
			};
			name = Release;
		};
		5F32D8E32B4D8CFA00017D91 /* Debug */ = {
			isa = XCBuildConfiguration;
			buildSettings = {
				ALWAYS_EMBED_SWIFT_STANDARD_LIBRARIES = YES;
				CODE_SIGN_STYLE = Automatic;
				CURRENT_PROJECT_VERSION = 1;
				DEVELOPMENT_TEAM = 2PH8ZSJ4V2;
				GENERATE_INFOPLIST_FILE = YES;
				MARKETING_VERSION = 1.0;
				PRODUCT_BUNDLE_IDENTIFIER = "TL.bookclub-uiUITests";
				PRODUCT_NAME = "$(TARGET_NAME)";
				SWIFT_EMIT_LOC_STRINGS = NO;
				SWIFT_VERSION = 5.0;
				TARGETED_DEVICE_FAMILY = "1,2";
				TEST_TARGET_NAME = "bookclub-ui";
			};
			name = Debug;
		};
		5F32D8E42B4D8CFA00017D91 /* Release */ = {
			isa = XCBuildConfiguration;
			buildSettings = {
				ALWAYS_EMBED_SWIFT_STANDARD_LIBRARIES = YES;
				CODE_SIGN_STYLE = Automatic;
				CURRENT_PROJECT_VERSION = 1;
				DEVELOPMENT_TEAM = 2PH8ZSJ4V2;
				GENERATE_INFOPLIST_FILE = YES;
				MARKETING_VERSION = 1.0;
				PRODUCT_BUNDLE_IDENTIFIER = "TL.bookclub-uiUITests";
				PRODUCT_NAME = "$(TARGET_NAME)";
				SWIFT_EMIT_LOC_STRINGS = NO;
				SWIFT_VERSION = 5.0;
				TARGETED_DEVICE_FAMILY = "1,2";
				TEST_TARGET_NAME = "bookclub-ui";
			};
			name = Release;
		};
/* End XCBuildConfiguration section */

/* Begin XCConfigurationList section */
		5F32D8B32B4D8CF700017D91 /* Build configuration list for PBXProject "bookclub-ui" */ = {
			isa = XCConfigurationList;
			buildConfigurations = (
				5F32D8DA2B4D8CFA00017D91 /* Debug */,
				5F32D8DB2B4D8CFA00017D91 /* Release */,
			);
			defaultConfigurationIsVisible = 0;
			defaultConfigurationName = Release;
		};
		5F32D8DC2B4D8CFA00017D91 /* Build configuration list for PBXNativeTarget "bookclub-ui" */ = {
			isa = XCConfigurationList;
			buildConfigurations = (
				5F32D8DD2B4D8CFA00017D91 /* Debug */,
				5F32D8DE2B4D8CFA00017D91 /* Release */,
			);
			defaultConfigurationIsVisible = 0;
			defaultConfigurationName = Release;
		};
		5F32D8DF2B4D8CFA00017D91 /* Build configuration list for PBXNativeTarget "bookclub-uiTests" */ = {
			isa = XCConfigurationList;
			buildConfigurations = (
				5F32D8E02B4D8CFA00017D91 /* Debug */,
				5F32D8E12B4D8CFA00017D91 /* Release */,
			);
			defaultConfigurationIsVisible = 0;
			defaultConfigurationName = Release;
		};
		5F32D8E22B4D8CFA00017D91 /* Build configuration list for PBXNativeTarget "bookclub-uiUITests" */ = {
			isa = XCConfigurationList;
			buildConfigurations = (
				5F32D8E32B4D8CFA00017D91 /* Debug */,
				5F32D8E42B4D8CFA00017D91 /* Release */,
			);
			defaultConfigurationIsVisible = 0;
			defaultConfigurationName = Release;
		};
/* End XCConfigurationList section */

/* Begin XCRemoteSwiftPackageReference section */
		5F7747562B506E8800391CC6 /* XCRemoteSwiftPackageReference "firebase-ios-sdk" */ = {
			isa = XCRemoteSwiftPackageReference;
			repositoryURL = "https://github.com/firebase/firebase-ios-sdk";
			requirement = {
				kind = upToNextMajorVersion;
				minimumVersion = 10.0.0;
			};
		};
/* End XCRemoteSwiftPackageReference section */

/* Begin XCSwiftPackageProductDependency section */
		5F7747572B506E8900391CC6 /* FirebaseAuth */ = {
			isa = XCSwiftPackageProductDependency;
			package = 5F7747562B506E8800391CC6 /* XCRemoteSwiftPackageReference "firebase-ios-sdk" */;
			productName = FirebaseAuth;
		};
		5F7747592B506E8900391CC6 /* FirebaseFirestore */ = {
			isa = XCSwiftPackageProductDependency;
			package = 5F7747562B506E8800391CC6 /* XCRemoteSwiftPackageReference "firebase-ios-sdk" */;
			productName = FirebaseFirestore;
		};
		5F77475B2B506E8900391CC6 /* FirebaseFirestoreSwift */ = {
			isa = XCSwiftPackageProductDependency;
			package = 5F7747562B506E8800391CC6 /* XCRemoteSwiftPackageReference "firebase-ios-sdk" */;
			productName = FirebaseFirestoreSwift;
		};
		5F77475D2B506E8900391CC6 /* FirebaseStorage */ = {
			isa = XCSwiftPackageProductDependency;
			package = 5F7747562B506E8800391CC6 /* XCRemoteSwiftPackageReference "firebase-ios-sdk" */;
			productName = FirebaseStorage;
		};
/* End XCSwiftPackageProductDependency section */
	};
	rootObject = 5F32D8B02B4D8CF700017D91 /* Project object */;
}
